<?xml version="1.0" encoding="utf-8"?>
<Project ToolsVersion="4.0" xmlns="http://schemas.microsoft.com/developer/msbuild/2003">
  <ItemGroup>
    <Filter Include="Client">
      <UniqueIdentifier>{c418bc29-eae3-42cc-ade3-c73fa5d1d287}</UniqueIdentifier>
    </Filter>
    <Filter Include="ClientWorld">
      <UniqueIdentifier>{8961d331-89bb-4b2b-961a-7a361a8482cf}</UniqueIdentifier>
    </Filter>
    <Filter Include="ClientActors">
      <UniqueIdentifier>{a3459b21-6e8d-43a6-a9f6-fc4407977fdd}</UniqueIdentifier>
    </Filter>
    <Filter Include="ClientActors\BackGround">
      <UniqueIdentifier>{d52545ba-8d56-43fe-bc91-2ef061e29869}</UniqueIdentifier>
    </Filter>
    <Filter Include="ClientActors\Character">
      <UniqueIdentifier>{84990419-493e-45cb-8642-48bbf1a7d24a}</UniqueIdentifier>
    </Filter>
    <Filter Include="ClientActors\ETC">
      <UniqueIdentifier>{25cb5cea-cdf8-4a3b-ab76-43a60b1bd7c7}</UniqueIdentifier>
    </Filter>
    <Filter Include="ClientFSM">
      <UniqueIdentifier>{79bff297-cb1b-430f-9b92-ab1a56a6dc85}</UniqueIdentifier>
    </Filter>
    <Filter Include="ClientActors\OldProject">
      <UniqueIdentifier>{785111bf-58cc-4f8f-a9d5-d888739e5c21}</UniqueIdentifier>
    </Filter>
    <Filter Include="ClientActors\OldProject\Map">
      <UniqueIdentifier>{4f7f6e98-81f3-4696-b90d-32b62130904b}</UniqueIdentifier>
    </Filter>
    <Filter Include="ClientActors\OldProject\NightSky">
      <UniqueIdentifier>{0d7963f4-c44d-4d81-a77a-ffb08fbf1c11}</UniqueIdentifier>
    </Filter>
    <Filter Include="ClientActors\OldProject\Moon">
      <UniqueIdentifier>{dddb6f86-0155-4f5e-9ee2-c47d550cfbd5}</UniqueIdentifier>
    </Filter>
    <Filter Include="ClientActors\Character\Aoko">
      <UniqueIdentifier>{d53a728c-e587-4d6d-8bfb-5c8e5d1b801c}</UniqueIdentifier>
    </Filter>
    <Filter Include="ClientActors\OldProject\TrackingTestActor">
      <UniqueIdentifier>{05cdde12-b47d-4268-a030-1d5808b5d223}</UniqueIdentifier>
    </Filter>
    <Filter Include="ClientFSM\CommonMovementFSM">
      <UniqueIdentifier>{5cf4fae9-f66d-4a18-be94-ea9651cbffc6}</UniqueIdentifier>
    </Filter>
    <Filter Include="ClientFSM\CommonMovementFSM\State">
      <UniqueIdentifier>{c3ba54f7-de70-4442-8239-04a533a43790}</UniqueIdentifier>
    </Filter>
    <Filter Include="ClientFSM\CommonMovementFSM\State\Idle">
      <UniqueIdentifier>{a5f5056b-77e4-4ae7-b99a-54075ae3278f}</UniqueIdentifier>
    </Filter>
    <Filter Include="ClientFSM\CommonMovementFSM\State\Runing">
      <UniqueIdentifier>{0b4ab142-c0f6-4bf3-9721-6c1b2541aec7}</UniqueIdentifier>
    </Filter>
    <Filter Include="ClientFSM\CommonMovementFSM\Transit">
      <UniqueIdentifier>{9fe6614d-4d49-4958-aa5e-9dd8d0f32052}</UniqueIdentifier>
    </Filter>
    <Filter Include="ClientFSM\CommonMovementFSM\Transit\IdleToRuning">
      <UniqueIdentifier>{59125c70-61b9-4668-bf4b-c055ad349bf6}</UniqueIdentifier>
    </Filter>
    <Filter Include="ClientFSM\CommonMovementFSM\Transit\IdleToKick">
      <UniqueIdentifier>{0a1b6d21-3878-49b3-bf46-b66dbc7dd26b}</UniqueIdentifier>
    </Filter>
    <Filter Include="ClientActors\Character\Neko">
      <UniqueIdentifier>{6d1289b1-9479-4798-85d9-ffe9e8eaf82b}</UniqueIdentifier>
    </Filter>
    <Filter Include="ClientFSM\CommonMovementFSM\State\Jump">
      <UniqueIdentifier>{843a2f9d-6758-4452-b322-1b9fac6e3f6c}</UniqueIdentifier>
    </Filter>
    <Filter Include="ClientFSM\CommonMovementFSM\State\Attack">
      <UniqueIdentifier>{f83d1cc9-1db9-4dad-bccb-e4a4a2ccfaa0}</UniqueIdentifier>
    </Filter>
    <Filter Include="ClientFSM\CommonMovementFSM\State\Attack\High">
      <UniqueIdentifier>{b0fad545-3f5f-4d5a-8460-5f11df5ad748}</UniqueIdentifier>
    </Filter>
    <Filter Include="ClientFSM\CommonMovementFSM\State\Attack\Middle">
      <UniqueIdentifier>{f5f058e9-68e3-4558-baf7-45a2a9883191}</UniqueIdentifier>
    </Filter>
    <Filter Include="ClientFSM\CommonMovementFSM\State\Attack\Low">
      <UniqueIdentifier>{c1c28893-b0f9-48d2-bf6d-aebcbbe7deab}</UniqueIdentifier>
    </Filter>
    <Filter Include="ClientFSM\CommonMovementFSM\State\Attack\Low\LowKick">
      <UniqueIdentifier>{03887250-a91c-4cf4-a5df-02468a9effa4}</UniqueIdentifier>
    </Filter>
    <Filter Include="ClientFSM\CommonMovementFSM\State\Move">
      <UniqueIdentifier>{7359d496-5962-4dc9-89ed-03d1845bd409}</UniqueIdentifier>
    </Filter>
    <Filter Include="ClientFSM\CommonMovementFSM\Transit\IdleToMove">
      <UniqueIdentifier>{3975ddfe-d86f-425b-918b-c62e6ade1fe2}</UniqueIdentifier>
    </Filter>
    <Filter Include="ClientActors\OldProject\Platform">
      <UniqueIdentifier>{1b7b7ce4-ad25-4ee1-b889-32d88952606d}</UniqueIdentifier>
    </Filter>
    <Filter Include="ClientFSM\AIMovementFSM">
      <UniqueIdentifier>{4b5a7e7f-f1a4-4093-8c44-644deb45e358}</UniqueIdentifier>
    </Filter>
    <Filter Include="ClientFSM\AIMovementFSM\State">
      <UniqueIdentifier>{59d1b392-9496-4653-8fb0-a91bc969bfdb}</UniqueIdentifier>
    </Filter>
    <Filter Include="ClientFSM\AIMovementFSM\State\AI_Idle">
      <UniqueIdentifier>{5b412b15-fb2c-4e52-af05-3b8dbdee4866}</UniqueIdentifier>
    </Filter>
    <Filter Include="ClientFSM\AIMovementFSM\State\AI_Chasing">
      <UniqueIdentifier>{19a44aa6-23b3-4099-8b58-9183278c1eb8}</UniqueIdentifier>
    </Filter>
    <Filter Include="ClientFSM\AIMovementFSM\State\AI_Attack">
      <UniqueIdentifier>{7043d5ed-0fba-4dbb-858b-214a542382eb}</UniqueIdentifier>
    </Filter>
    <Filter Include="ClientFSM\AIMovementFSM\Transit">
      <UniqueIdentifier>{3cfd0035-765d-4a4f-9be0-5d3e52c69de1}</UniqueIdentifier>
    </Filter>
    <Filter Include="ClientFSM\AIMovementFSM\Transit\AI_IdleToChasing">
      <UniqueIdentifier>{e52e2060-1e14-4bdb-ab7e-a0b4c269715b}</UniqueIdentifier>
    </Filter>
    <Filter Include="ClientFSM\AIMovementFSM\Transit\AI_IdleToAttack">
      <UniqueIdentifier>{662ed96d-5ebd-47c4-bbc9-9b8ec62f82e5}</UniqueIdentifier>
    </Filter>
    <Filter Include="ClientFSM\AIMovementFSM\Transit\AI_ChasingToIdle">
      <UniqueIdentifier>{6d18befd-a9b5-48e8-9b82-27ea66494bc8}</UniqueIdentifier>
    </Filter>
    <Filter Include="ClientFSM\AIMovementFSM\Transit\AI_AttackToIdle">
      <UniqueIdentifier>{0308ad60-5d0c-4ae0-839b-189cf163e7b8}</UniqueIdentifier>
    </Filter>
  </ItemGroup>
  <ItemGroup>
    <ClInclude Include="Client.h">
      <Filter>Client</Filter>
    </ClInclude>
    <ClInclude Include="ClientWorld.h">
      <Filter>ClientWorld</Filter>
    </ClInclude>
    <ClInclude Include="TestActor2.h">
      <Filter>ClientActors\OldProject\Map</Filter>
    </ClInclude>
    <ClInclude Include="BackGround.h">
      <Filter>ClientActors\BackGround</Filter>
    </ClInclude>
    <ClInclude Include="Moon.h">
      <Filter>ClientActors\OldProject\Moon</Filter>
    </ClInclude>
    <ClInclude Include="NightSky.h">
      <Filter>ClientActors\OldProject\NightSky</Filter>
    </ClInclude>
    <ClInclude Include="TestActor.h">
      <Filter>ClientActors\OldProject\TrackingTestActor</Filter>
    </ClInclude>
    <ClInclude Include="Aoko.h">
      <Filter>ClientActors\Character\Aoko</Filter>
    </ClInclude>
    <ClInclude Include="ClientFSMContainer.h">
      <Filter>ClientFSM\CommonMovementFSM</Filter>
    </ClInclude>
    <ClInclude Include="Idle.h">
      <Filter>ClientFSM\CommonMovementFSM\State\Idle</Filter>
    </ClInclude>
    <ClInclude Include="Runing.h">
      <Filter>ClientFSM\CommonMovementFSM\State\Runing</Filter>
    </ClInclude>
    <ClInclude Include="IdleToRuning.h">
      <Filter>ClientFSM\CommonMovementFSM\Transit\IdleToRuning</Filter>
    </ClInclude>
    <ClInclude Include="LowKick.h">
      <Filter>ClientFSM\CommonMovementFSM\State\Attack\Low\LowKick</Filter>
    </ClInclude>
    <ClInclude Include="Character.h">
      <Filter>ClientActors\OldProject</Filter>
    </ClInclude>
    <ClInclude Include="IdleToKick.h">
      <Filter>ClientFSM\CommonMovementFSM\Transit\IdleToKick</Filter>
    </ClInclude>
    <ClInclude Include="Jump.h">
      <Filter>ClientFSM\CommonMovementFSM\State\Jump</Filter>
    </ClInclude>
    <ClInclude Include="Move.h">
      <Filter>ClientFSM\CommonMovementFSM\State\Move</Filter>
    </ClInclude>
    <ClInclude Include="IdleToMove.h">
      <Filter>ClientFSM\CommonMovementFSM\Transit\IdleToMove</Filter>
    </ClInclude>
    <ClInclude Include="Neko.h">
      <Filter>ClientActors\Character\Neko</Filter>
    </ClInclude>
    <ClInclude Include="AIMovementFSMContainer.h">
      <Filter>ClientFSM\AIMovementFSM</Filter>
    </ClInclude>
    <ClInclude Include="AI_Idle.h">
      <Filter>ClientFSM\AIMovementFSM\State\AI_Idle</Filter>
    </ClInclude>
    <ClInclude Include="AI_Chasing.h">
      <Filter>ClientFSM\AIMovementFSM\State\AI_Chasing</Filter>
    </ClInclude>
    <ClInclude Include="AI_Attack.h">
      <Filter>ClientFSM\AIMovementFSM\State\AI_Attack</Filter>
    </ClInclude>
    <ClInclude Include="AI_IdleToChasing.h">
      <Filter>ClientFSM\AIMovementFSM\Transit\AI_IdleToChasing</Filter>
    </ClInclude>
    <ClInclude Include="AI_IdleToAttack.h">
      <Filter>ClientFSM\AIMovementFSM\Transit\AI_IdleToAttack</Filter>
    </ClInclude>
    <ClInclude Include="AI_ChasingToIdle.h">
      <Filter>ClientFSM\AIMovementFSM\Transit\AI_ChasingToIdle</Filter>
    </ClInclude>
  </ItemGroup>
  <ItemGroup>
    <ClCompile Include="Client.cpp">
      <Filter>Client</Filter>
    </ClCompile>
    <ClCompile Include="ClientWorld.cpp">
      <Filter>ClientWorld</Filter>
    </ClCompile>
    <ClCompile Include="TestActor2.cpp">
      <Filter>ClientActors\OldProject\Map</Filter>
    </ClCompile>
    <ClCompile Include="BackGround.cpp">
      <Filter>ClientActors\BackGround</Filter>
    </ClCompile>
    <ClCompile Include="Moon.cpp">
      <Filter>ClientActors\OldProject\Moon</Filter>
    </ClCompile>
    <ClCompile Include="NightSky.cpp">
      <Filter>ClientActors\OldProject\NightSky</Filter>
    </ClCompile>
    <ClCompile Include="TestActor.cpp">
      <Filter>ClientActors\OldProject\TrackingTestActor</Filter>
    </ClCompile>
    <ClCompile Include="Aoko.cpp">
      <Filter>ClientActors\Character\Aoko</Filter>
    </ClCompile>
    <ClCompile Include="ClientFSMContainer.cpp">
      <Filter>ClientFSM\CommonMovementFSM</Filter>
    </ClCompile>
    <ClCompile Include="Idle.cpp">
      <Filter>ClientFSM\CommonMovementFSM\State\Idle</Filter>
    </ClCompile>
    <ClCompile Include="Runing.cpp">
      <Filter>ClientFSM\CommonMovementFSM\State\Runing</Filter>
    </ClCompile>
    <ClCompile Include="IdleToRuning.cpp">
      <Filter>ClientFSM\CommonMovementFSM\Transit\IdleToRuning</Filter>
    </ClCompile>
    <ClCompile Include="LowKick.cpp">
      <Filter>ClientFSM\CommonMovementFSM\State\Attack\Low\LowKick</Filter>
    </ClCompile>
    <ClCompile Include="Character.cpp">
      <Filter>ClientActors\OldProject</Filter>
    </ClCompile>
    <ClCompile Include="IdleToKick.cpp">
      <Filter>ClientFSM\CommonMovementFSM\Transit\IdleToKick</Filter>
    </ClCompile>
    <ClCompile Include="Jump.cpp">
      <Filter>ClientFSM\CommonMovementFSM\State\Jump</Filter>
    </ClCompile>
    <ClCompile Include="Move.cpp">
      <Filter>ClientFSM\CommonMovementFSM\State\Move</Filter>
    </ClCompile>
    <ClCompile Include="IdleToMove.cpp">
      <Filter>ClientFSM\CommonMovementFSM\Transit\IdleToMove</Filter>
    </ClCompile>
    <ClCompile Include="Neko.cpp">
      <Filter>ClientActors\Character\Neko</Filter>
    </ClCompile>
    <ClCompile Include="AIMovementFSMContainer.cpp">
      <Filter>ClientFSM\AIMovementFSM</Filter>
    </ClCompile>
    <ClCompile Include="AI_Idle.cpp">
      <Filter>ClientFSM\AIMovementFSM\State\AI_Idle</Filter>
    </ClCompile>
    <ClCompile Include="AI_Chasing.cpp">
      <Filter>ClientFSM\AIMovementFSM\State\AI_Chasing</Filter>
    </ClCompile>
    <ClCompile Include="AI_Attack.cpp">
      <Filter>ClientFSM\AIMovementFSM\State\AI_Attack</Filter>
    </ClCompile>
    <ClCompile Include="AI_IdleToAttack.cpp">
      <Filter>ClientFSM\AIMovementFSM\Transit\AI_IdleToAttack</Filter>
    </ClCompile>
    <ClCompile Include="AI_IdleToChasing.cpp">
      <Filter>ClientFSM\AIMovementFSM\Transit\AI_IdleToChasing</Filter>
    </ClCompile>
    <ClCompile Include="AI_ChasingToIdle.cpp">
      <Filter>ClientFSM\AIMovementFSM\Transit\AI_ChasingToIdle</Filter>
    </ClCompile>
  </ItemGroup>
  <ItemGroup>
    <None Include="cpp.hint" />
  </ItemGroup>
</Project>