<?xml version="1.0" encoding="utf-8"?>
<Project ToolsVersion="4.0" xmlns="http://schemas.microsoft.com/developer/msbuild/2003">
  <ItemGroup>
    <Filter Include="Client">
      <UniqueIdentifier>{c418bc29-eae3-42cc-ade3-c73fa5d1d287}</UniqueIdentifier>
    </Filter>
    <Filter Include="ClientWorld">
      <UniqueIdentifier>{8961d331-89bb-4b2b-961a-7a361a8482cf}</UniqueIdentifier>
    </Filter>
    <Filter Include="ClientActors">
      <UniqueIdentifier>{a3459b21-6e8d-43a6-a9f6-fc4407977fdd}</UniqueIdentifier>
    </Filter>
    <Filter Include="ClientActors\BackGround">
      <UniqueIdentifier>{d52545ba-8d56-43fe-bc91-2ef061e29869}</UniqueIdentifier>
    </Filter>
    <Filter Include="ClientActors\Character">
      <UniqueIdentifier>{84990419-493e-45cb-8642-48bbf1a7d24a}</UniqueIdentifier>
    </Filter>
    <Filter Include="ClientFSM">
      <UniqueIdentifier>{79bff297-cb1b-430f-9b92-ab1a56a6dc85}</UniqueIdentifier>
    </Filter>
    <Filter Include="ClientActors\Character\Aoko">
      <UniqueIdentifier>{d53a728c-e587-4d6d-8bfb-5c8e5d1b801c}</UniqueIdentifier>
    </Filter>
    <Filter Include="ClientFSM\CommonMovementFSM">
      <UniqueIdentifier>{5cf4fae9-f66d-4a18-be94-ea9651cbffc6}</UniqueIdentifier>
    </Filter>
    <Filter Include="ClientFSM\CommonMovementFSM\State">
      <UniqueIdentifier>{c3ba54f7-de70-4442-8239-04a533a43790}</UniqueIdentifier>
    </Filter>
    <Filter Include="ClientFSM\CommonMovementFSM\State\Idle">
      <UniqueIdentifier>{a5f5056b-77e4-4ae7-b99a-54075ae3278f}</UniqueIdentifier>
    </Filter>
    <Filter Include="ClientFSM\CommonMovementFSM\State\Runing">
      <UniqueIdentifier>{0b4ab142-c0f6-4bf3-9721-6c1b2541aec7}</UniqueIdentifier>
    </Filter>
    <Filter Include="ClientFSM\CommonMovementFSM\Transit">
      <UniqueIdentifier>{9fe6614d-4d49-4958-aa5e-9dd8d0f32052}</UniqueIdentifier>
    </Filter>
    <Filter Include="ClientFSM\CommonMovementFSM\Transit\IdleToRuning">
      <UniqueIdentifier>{59125c70-61b9-4668-bf4b-c055ad349bf6}</UniqueIdentifier>
    </Filter>
    <Filter Include="ClientFSM\CommonMovementFSM\Transit\IdleToKick">
      <UniqueIdentifier>{0a1b6d21-3878-49b3-bf46-b66dbc7dd26b}</UniqueIdentifier>
    </Filter>
    <Filter Include="ClientActors\Character\Neko">
      <UniqueIdentifier>{6d1289b1-9479-4798-85d9-ffe9e8eaf82b}</UniqueIdentifier>
    </Filter>
    <Filter Include="ClientFSM\CommonMovementFSM\State\Attack">
      <UniqueIdentifier>{f83d1cc9-1db9-4dad-bccb-e4a4a2ccfaa0}</UniqueIdentifier>
    </Filter>
    <Filter Include="ClientFSM\CommonMovementFSM\State\Attack\Middle">
      <UniqueIdentifier>{f5f058e9-68e3-4558-baf7-45a2a9883191}</UniqueIdentifier>
    </Filter>
    <Filter Include="ClientFSM\CommonMovementFSM\State\Attack\Low">
      <UniqueIdentifier>{c1c28893-b0f9-48d2-bf6d-aebcbbe7deab}</UniqueIdentifier>
    </Filter>
    <Filter Include="ClientFSM\CommonMovementFSM\State\Attack\Low\LowKick">
      <UniqueIdentifier>{03887250-a91c-4cf4-a5df-02468a9effa4}</UniqueIdentifier>
    </Filter>
    <Filter Include="ClientFSM\CommonMovementFSM\State\Move">
      <UniqueIdentifier>{7359d496-5962-4dc9-89ed-03d1845bd409}</UniqueIdentifier>
    </Filter>
    <Filter Include="ClientFSM\CommonMovementFSM\Transit\IdleToMove">
      <UniqueIdentifier>{3975ddfe-d86f-425b-918b-c62e6ade1fe2}</UniqueIdentifier>
    </Filter>
    <Filter Include="ClientFSM\AIMovementFSM">
      <UniqueIdentifier>{4b5a7e7f-f1a4-4093-8c44-644deb45e358}</UniqueIdentifier>
    </Filter>
    <Filter Include="ClientFSM\AIMovementFSM\State">
      <UniqueIdentifier>{59d1b392-9496-4653-8fb0-a91bc969bfdb}</UniqueIdentifier>
    </Filter>
    <Filter Include="ClientFSM\AIMovementFSM\State\AI_Idle">
      <UniqueIdentifier>{5b412b15-fb2c-4e52-af05-3b8dbdee4866}</UniqueIdentifier>
    </Filter>
    <Filter Include="ClientFSM\AIMovementFSM\State\AI_Chasing">
      <UniqueIdentifier>{19a44aa6-23b3-4099-8b58-9183278c1eb8}</UniqueIdentifier>
    </Filter>
    <Filter Include="ClientFSM\AIMovementFSM\State\AI_Attack">
      <UniqueIdentifier>{7043d5ed-0fba-4dbb-858b-214a542382eb}</UniqueIdentifier>
    </Filter>
    <Filter Include="ClientFSM\AIMovementFSM\Transit">
      <UniqueIdentifier>{3cfd0035-765d-4a4f-9be0-5d3e52c69de1}</UniqueIdentifier>
    </Filter>
    <Filter Include="ClientFSM\AIMovementFSM\Transit\AI_IdleToChasing">
      <UniqueIdentifier>{e52e2060-1e14-4bdb-ab7e-a0b4c269715b}</UniqueIdentifier>
    </Filter>
    <Filter Include="ClientFSM\AIMovementFSM\Transit\AI_IdleToAttack">
      <UniqueIdentifier>{662ed96d-5ebd-47c4-bbc9-9b8ec62f82e5}</UniqueIdentifier>
    </Filter>
    <Filter Include="ClientFSM\AIMovementFSM\Transit\AI_ChasingToIdle">
      <UniqueIdentifier>{6d18befd-a9b5-48e8-9b82-27ea66494bc8}</UniqueIdentifier>
    </Filter>
    <Filter Include="ClientFSM\CommonMovementFSM\State\Attack\Middle\MiddleKick">
      <UniqueIdentifier>{6ceb76c3-693e-4a38-9bec-fa267caa2fab}</UniqueIdentifier>
    </Filter>
    <Filter Include="ClientFSM\AIMovementFSM\State\AI_Hit">
      <UniqueIdentifier>{952676cd-e9e0-4b2a-bfee-52d5adb2c248}</UniqueIdentifier>
    </Filter>
    <Filter Include="ClientFSM\CommonMovementFSM\Transit\IdleToMiddleKick">
      <UniqueIdentifier>{37f225a2-2bc7-498c-a2b9-36dd277c1fe0}</UniqueIdentifier>
    </Filter>
    <Filter Include="ClientActors\PlayCameraActor">
      <UniqueIdentifier>{124c574a-0565-4289-9548-8df5d090ceab}</UniqueIdentifier>
    </Filter>
    <Filter Include="ClientFSM\CommonMovementFSM\State\Attack\AutoCombo">
      <UniqueIdentifier>{b120d57a-4f34-4961-9f34-bf4cbba29c8d}</UniqueIdentifier>
    </Filter>
    <Filter Include="ClientFSM\CommonMovementFSM\State\Attack\AutoCombo\Start">
      <UniqueIdentifier>{dd5e9efd-8dfa-4e61-a089-ae232c8ec223}</UniqueIdentifier>
    </Filter>
    <Filter Include="ClientFSM\CommonMovementFSM\State\Attack\AutoCombo\AirLaunch">
      <UniqueIdentifier>{80581b0d-888e-43d9-88b8-d315b1e94e9f}</UniqueIdentifier>
    </Filter>
    <Filter Include="ClientFSM\CommonMovementFSM\Transit\KickToComboStart">
      <UniqueIdentifier>{056832ff-cac4-4c95-9990-5b2d7ec47a77}</UniqueIdentifier>
    </Filter>
    <Filter Include="ClientFSM\AIMovementFSM\Transit\Ai_IdleToHit">
      <UniqueIdentifier>{3437c8a6-ca36-48e6-8729-c90349fd0148}</UniqueIdentifier>
    </Filter>
    <Filter Include="ClientFSM\CommonMovementFSM\State\Dash">
      <UniqueIdentifier>{a76f489e-35cd-442f-8ff4-c9d49e8f9da1}</UniqueIdentifier>
    </Filter>
    <Filter Include="ClientFSM\CommonMovementFSM\State\Dash\JumpDash">
      <UniqueIdentifier>{8a50efab-43f1-4cf7-adf3-3ae7e37330dc}</UniqueIdentifier>
    </Filter>
    <Filter Include="ClientFSM\CommonMovementFSM\State\Dash\BackDash">
      <UniqueIdentifier>{af2a48d8-5301-4710-b56c-7f5a5d74c50b}</UniqueIdentifier>
    </Filter>
    <Filter Include="ClientFSM\CommonMovementFSM\Transit\ComboToCombo">
      <UniqueIdentifier>{a08a5286-a39d-4d13-b437-c38a6c4cd9b0}</UniqueIdentifier>
    </Filter>
    <Filter Include="ClientActors\Character\Test">
      <UniqueIdentifier>{6bea0950-a183-4694-b1cc-84825ad67c57}</UniqueIdentifier>
    </Filter>
    <Filter Include="ClientActors\Character\UI_Actor">
      <UniqueIdentifier>{13f2f264-a07f-4055-b1b1-df118361011f}</UniqueIdentifier>
    </Filter>
    <Filter Include="ClientActors\Character\UI_Actor\Player1">
      <UniqueIdentifier>{4c493032-8bc4-4d1b-8325-0146e1dca3bb}</UniqueIdentifier>
    </Filter>
    <Filter Include="ClientActors\Character\UI_Actor\Player2">
      <UniqueIdentifier>{cdec818d-3cd8-4465-b0ab-b5c7ecffeac4}</UniqueIdentifier>
    </Filter>
    <Filter Include="ClientActors\Character\UI_Actor\Player1\P1InfoFace">
      <UniqueIdentifier>{553646f8-7beb-4a35-ada0-4fafda1fbaef}</UniqueIdentifier>
    </Filter>
    <Filter Include="ClientActors\Character\UI_Actor\Player2\P2InfoFace">
      <UniqueIdentifier>{1651f41b-089a-45d0-b407-7e83730d9ac5}</UniqueIdentifier>
    </Filter>
    <Filter Include="ClientActors\Character\Interface">
      <UniqueIdentifier>{3d0293aa-d12d-4517-b610-21784881b4dd}</UniqueIdentifier>
    </Filter>
    <Filter Include="ClientActors\Character\UI_Actor\Timer_HUD">
      <UniqueIdentifier>{a8b48372-593e-4d97-b965-df505f32a838}</UniqueIdentifier>
    </Filter>
    <Filter Include="ClientActors\Character\Test\Mouse">
      <UniqueIdentifier>{22167d12-1735-4c34-8208-849aa78e6d45}</UniqueIdentifier>
    </Filter>
    <Filter Include="ClientActors\Character\UI_Actor\Player1\Player_HP_HUD">
      <UniqueIdentifier>{aed31fd2-e2e7-4907-ab78-7b7425da4890}</UniqueIdentifier>
    </Filter>
    <Filter Include="ClientActors\Character\UI_Actor\Player1\Player_Guage_HUD">
      <UniqueIdentifier>{8ceb5dc5-03a9-4a5e-8e42-5b507bb02aef}</UniqueIdentifier>
    </Filter>
    <Filter Include="ClientActors\Character\UI_Actor\Player2\Player_Guage_HUD">
      <UniqueIdentifier>{fce08127-1342-4b87-b095-1928e47a56c1}</UniqueIdentifier>
    </Filter>
    <Filter Include="ClientActors\Character\UI_Actor\Player2\Player_HP_HUD">
      <UniqueIdentifier>{71529f46-ae48-4df1-a59f-56c3164a4d94}</UniqueIdentifier>
    </Filter>
  </ItemGroup>
  <ItemGroup>
    <ClInclude Include="Client.h">
      <Filter>Client</Filter>
    </ClInclude>
    <ClInclude Include="ClientWorld.h">
      <Filter>ClientWorld</Filter>
    </ClInclude>
    <ClInclude Include="BackGround.h">
      <Filter>ClientActors\BackGround</Filter>
    </ClInclude>
    <ClInclude Include="Aoko.h">
      <Filter>ClientActors\Character\Aoko</Filter>
    </ClInclude>
    <ClInclude Include="ClientFSMContainer.h">
      <Filter>ClientFSM\CommonMovementFSM</Filter>
    </ClInclude>
    <ClInclude Include="Idle.h">
      <Filter>ClientFSM\CommonMovementFSM\State\Idle</Filter>
    </ClInclude>
    <ClInclude Include="Runing.h">
      <Filter>ClientFSM\CommonMovementFSM\State\Runing</Filter>
    </ClInclude>
    <ClInclude Include="IdleToRuning.h">
      <Filter>ClientFSM\CommonMovementFSM\Transit\IdleToRuning</Filter>
    </ClInclude>
    <ClInclude Include="LowKick.h">
      <Filter>ClientFSM\CommonMovementFSM\State\Attack\Low\LowKick</Filter>
    </ClInclude>
    <ClInclude Include="IdleToKick.h">
      <Filter>ClientFSM\CommonMovementFSM\Transit\IdleToKick</Filter>
    </ClInclude>
    <ClInclude Include="Move.h">
      <Filter>ClientFSM\CommonMovementFSM\State\Move</Filter>
    </ClInclude>
    <ClInclude Include="IdleToMove.h">
      <Filter>ClientFSM\CommonMovementFSM\Transit\IdleToMove</Filter>
    </ClInclude>
    <ClInclude Include="Neko.h">
      <Filter>ClientActors\Character\Neko</Filter>
    </ClInclude>
    <ClInclude Include="AIMovementFSMContainer.h">
      <Filter>ClientFSM\AIMovementFSM</Filter>
    </ClInclude>
    <ClInclude Include="AI_Idle.h">
      <Filter>ClientFSM\AIMovementFSM\State\AI_Idle</Filter>
    </ClInclude>
    <ClInclude Include="AI_Chasing.h">
      <Filter>ClientFSM\AIMovementFSM\State\AI_Chasing</Filter>
    </ClInclude>
    <ClInclude Include="AI_Attack.h">
      <Filter>ClientFSM\AIMovementFSM\State\AI_Attack</Filter>
    </ClInclude>
    <ClInclude Include="AI_IdleToChasing.h">
      <Filter>ClientFSM\AIMovementFSM\Transit\AI_IdleToChasing</Filter>
    </ClInclude>
    <ClInclude Include="AI_IdleToAttack.h">
      <Filter>ClientFSM\AIMovementFSM\Transit\AI_IdleToAttack</Filter>
    </ClInclude>
    <ClInclude Include="AI_ChasingToIdle.h">
      <Filter>ClientFSM\AIMovementFSM\Transit\AI_ChasingToIdle</Filter>
    </ClInclude>
    <ClInclude Include="MiddleKick.h">
      <Filter>ClientFSM\CommonMovementFSM\State\Attack\Middle\MiddleKick</Filter>
    </ClInclude>
    <ClInclude Include="AI_Hit.h">
      <Filter>ClientFSM\AIMovementFSM\State\AI_Hit</Filter>
    </ClInclude>
    <ClInclude Include="IdleToMiddleKick.h">
      <Filter>ClientFSM\CommonMovementFSM\Transit\IdleToMiddleKick</Filter>
    </ClInclude>
    <ClInclude Include="PlayCameraActor.h">
      <Filter>ClientActors\PlayCameraActor</Filter>
    </ClInclude>
    <ClInclude Include="AutoComboStart.h">
      <Filter>ClientFSM\CommonMovementFSM\State\Attack\AutoCombo\Start</Filter>
    </ClInclude>
    <ClInclude Include="KickToComboStart.h">
      <Filter>ClientFSM\CommonMovementFSM\Transit\KickToComboStart</Filter>
    </ClInclude>
    <ClInclude Include="AI_IdleToHit.h">
      <Filter>ClientFSM\AIMovementFSM\Transit\Ai_IdleToHit</Filter>
    </ClInclude>
    <ClInclude Include="BackDash.h">
      <Filter>ClientFSM\CommonMovementFSM\State\Dash\BackDash</Filter>
    </ClInclude>
    <ClInclude Include="AirLaunch.h">
      <Filter>ClientFSM\CommonMovementFSM\State\Attack\AutoCombo\AirLaunch</Filter>
    </ClInclude>
    <ClInclude Include="StartToAirLaunch.h">
      <Filter>ClientFSM\CommonMovementFSM\Transit\ComboToCombo</Filter>
    </ClInclude>
    <ClInclude Include="TestActor.h">
      <Filter>ClientActors\Character\Test</Filter>
    </ClInclude>
    <ClInclude Include="PlayerHP.h">
      <Filter>ClientActors\Character\UI_Actor\Player1\Player_HP_HUD</Filter>
    </ClInclude>
    <ClInclude Include="PlayerGuage.h">
      <Filter>ClientActors\Character\UI_Actor\Player1\Player_Guage_HUD</Filter>
    </ClInclude>
    <ClInclude Include="IPlayerInfo.h">
      <Filter>ClientActors\Character\Interface</Filter>
    </ClInclude>
    <ClInclude Include="PlayerOneFace.h">
      <Filter>ClientActors\Character\UI_Actor\Player1\P1InfoFace</Filter>
    </ClInclude>
    <ClInclude Include="Timer.h">
      <Filter>ClientActors\Character\UI_Actor\Timer_HUD</Filter>
    </ClInclude>
    <ClInclude Include="Mouse.h">
      <Filter>ClientActors\Character\Test\Mouse</Filter>
    </ClInclude>
    <ClInclude Include="PlayerTwoFace.h">
      <Filter>ClientActors\Character\UI_Actor\Player2\P2InfoFace</Filter>
    </ClInclude>
  </ItemGroup>
  <ItemGroup>
    <ClCompile Include="Client.cpp">
      <Filter>Client</Filter>
    </ClCompile>
    <ClCompile Include="ClientWorld.cpp">
      <Filter>ClientWorld</Filter>
    </ClCompile>
    <ClCompile Include="BackGround.cpp">
      <Filter>ClientActors\BackGround</Filter>
    </ClCompile>
    <ClCompile Include="Aoko.cpp">
      <Filter>ClientActors\Character\Aoko</Filter>
    </ClCompile>
    <ClCompile Include="ClientFSMContainer.cpp">
      <Filter>ClientFSM\CommonMovementFSM</Filter>
    </ClCompile>
    <ClCompile Include="Idle.cpp">
      <Filter>ClientFSM\CommonMovementFSM\State\Idle</Filter>
    </ClCompile>
    <ClCompile Include="Runing.cpp">
      <Filter>ClientFSM\CommonMovementFSM\State\Runing</Filter>
    </ClCompile>
    <ClCompile Include="IdleToRuning.cpp">
      <Filter>ClientFSM\CommonMovementFSM\Transit\IdleToRuning</Filter>
    </ClCompile>
    <ClCompile Include="LowKick.cpp">
      <Filter>ClientFSM\CommonMovementFSM\State\Attack\Low\LowKick</Filter>
    </ClCompile>
    <ClCompile Include="IdleToKick.cpp">
      <Filter>ClientFSM\CommonMovementFSM\Transit\IdleToKick</Filter>
    </ClCompile>
    <ClCompile Include="Move.cpp">
      <Filter>ClientFSM\CommonMovementFSM\State\Move</Filter>
    </ClCompile>
    <ClCompile Include="IdleToMove.cpp">
      <Filter>ClientFSM\CommonMovementFSM\Transit\IdleToMove</Filter>
    </ClCompile>
    <ClCompile Include="Neko.cpp">
      <Filter>ClientActors\Character\Neko</Filter>
    </ClCompile>
    <ClCompile Include="AIMovementFSMContainer.cpp">
      <Filter>ClientFSM\AIMovementFSM</Filter>
    </ClCompile>
    <ClCompile Include="AI_Idle.cpp">
      <Filter>ClientFSM\AIMovementFSM\State\AI_Idle</Filter>
    </ClCompile>
    <ClCompile Include="AI_Chasing.cpp">
      <Filter>ClientFSM\AIMovementFSM\State\AI_Chasing</Filter>
    </ClCompile>
    <ClCompile Include="AI_Attack.cpp">
      <Filter>ClientFSM\AIMovementFSM\State\AI_Attack</Filter>
    </ClCompile>
    <ClCompile Include="AI_IdleToAttack.cpp">
      <Filter>ClientFSM\AIMovementFSM\Transit\AI_IdleToAttack</Filter>
    </ClCompile>
    <ClCompile Include="AI_IdleToChasing.cpp">
      <Filter>ClientFSM\AIMovementFSM\Transit\AI_IdleToChasing</Filter>
    </ClCompile>
    <ClCompile Include="AI_ChasingToIdle.cpp">
      <Filter>ClientFSM\AIMovementFSM\Transit\AI_ChasingToIdle</Filter>
    </ClCompile>
    <ClCompile Include="MiddleKick.cpp">
      <Filter>ClientFSM\CommonMovementFSM\State\Attack\Middle\MiddleKick</Filter>
    </ClCompile>
    <ClCompile Include="AI_Hit.cpp">
      <Filter>ClientFSM\AIMovementFSM\State\AI_Hit</Filter>
    </ClCompile>
    <ClCompile Include="IdleToMiddleKick.cpp">
      <Filter>ClientFSM\CommonMovementFSM\Transit\IdleToMiddleKick</Filter>
    </ClCompile>
    <ClCompile Include="PlayCameraActor.cpp">
      <Filter>ClientActors\PlayCameraActor</Filter>
    </ClCompile>
    <ClCompile Include="AutoComboStart.cpp">
      <Filter>ClientFSM\CommonMovementFSM\State\Attack\AutoCombo\Start</Filter>
    </ClCompile>
    <ClCompile Include="KickToComboStart.cpp">
      <Filter>ClientFSM\CommonMovementFSM\Transit\KickToComboStart</Filter>
    </ClCompile>
    <ClCompile Include="AI_IdleToHit.cpp">
      <Filter>ClientFSM\AIMovementFSM\Transit\Ai_IdleToHit</Filter>
    </ClCompile>
    <ClCompile Include="BackDash.cpp">
      <Filter>ClientFSM\CommonMovementFSM\State\Dash\BackDash</Filter>
    </ClCompile>
    <ClCompile Include="AirLaunch.cpp">
      <Filter>ClientFSM\CommonMovementFSM\State\Attack\AutoCombo\AirLaunch</Filter>
    </ClCompile>
    <ClCompile Include="StartToAirLaunch.cpp">
      <Filter>ClientFSM\CommonMovementFSM\Transit\ComboToCombo</Filter>
    </ClCompile>
    <ClCompile Include="TestActor.cpp">
      <Filter>ClientActors\Character\Test</Filter>
    </ClCompile>
    <ClCompile Include="PlayerHP.cpp">
      <Filter>ClientActors\Character\UI_Actor\Player1\Player_HP_HUD</Filter>
    </ClCompile>
    <ClCompile Include="PlayerGuage.cpp">
      <Filter>ClientActors\Character\UI_Actor\Player1\Player_Guage_HUD</Filter>
    </ClCompile>
    <ClCompile Include="PlayerOneFace.cpp">
      <Filter>ClientActors\Character\UI_Actor\Player1\P1InfoFace</Filter>
    </ClCompile>
    <ClCompile Include="Timer.cpp">
      <Filter>ClientActors\Character\UI_Actor\Timer_HUD</Filter>
    </ClCompile>
    <ClCompile Include="PlayerTwoFace.cpp">
      <Filter>ClientActors\Character\UI_Actor\Player2\P2InfoFace</Filter>
    </ClCompile>
  </ItemGroup>
</Project>