<?xml version="1.0" encoding="utf-8"?>
<Project ToolsVersion="4.0" xmlns="http://schemas.microsoft.com/developer/msbuild/2003">
  <ItemGroup>
    <Filter Include="리소스 파일">
      <UniqueIdentifier>{67DA6AB6-F800-4c08-8B7A-83BB121AAD01}</UniqueIdentifier>
      <Extensions>rc;ico;cur;bmp;dlg;rc2;rct;bin;rgs;gif;jpg;jpeg;jpe;resx;tiff;tif;png;wav;mfcribbon-ms</Extensions>
    </Filter>
    <Filter Include="TestCode">
      <UniqueIdentifier>{a3459b21-6e8d-43a6-a9f6-fc4407977fdd}</UniqueIdentifier>
    </Filter>
    <Filter Include="Client">
      <UniqueIdentifier>{c418bc29-eae3-42cc-ade3-c73fa5d1d287}</UniqueIdentifier>
    </Filter>
    <Filter Include="ClientWorld">
      <UniqueIdentifier>{8961d331-89bb-4b2b-961a-7a361a8482cf}</UniqueIdentifier>
    </Filter>
  </ItemGroup>
  <ItemGroup>
    <ClInclude Include="Client.h">
      <Filter>Client</Filter>
    </ClInclude>
    <ClInclude Include="ClientWorld.h">
      <Filter>ClientWorld</Filter>
    </ClInclude>
    <ClInclude Include="TestActor.h">
      <Filter>TestCode</Filter>
    </ClInclude>
    <ClInclude Include="TestActor2.h">
      <Filter>TestCode</Filter>
    </ClInclude>
  </ItemGroup>
  <ItemGroup>
    <ClCompile Include="Client.cpp">
      <Filter>Client</Filter>
    </ClCompile>
    <ClCompile Include="TestActor.cpp">
      <Filter>TestCode</Filter>
    </ClCompile>
    <ClCompile Include="ClientWorld.cpp">
      <Filter>ClientWorld</Filter>
    </ClCompile>
    <ClCompile Include="TestActor2.cpp">
      <Filter>TestCode</Filter>
    </ClCompile>
  </ItemGroup>
</Project>