<?xml version="1.0" encoding="utf-8"?>
<Project ToolsVersion="4.0" xmlns="http://schemas.microsoft.com/developer/msbuild/2003">
  <ItemGroup>
    <Filter Include="Engine">
      <UniqueIdentifier>{4FC737F1-C7A5-4376-A066-2A32D752A2FF}</UniqueIdentifier>
      <Extensions>cpp;c;cc;cxx;c++;cppm;ixx;def;odl;idl;hpj;bat;asm;asmx</Extensions>
    </Filter>
    <Filter Include="Engine\Component">
      <UniqueIdentifier>{8815f8bc-8535-4615-b869-864176b1977b}</UniqueIdentifier>
    </Filter>
    <Filter Include="Engine\Manager">
      <UniqueIdentifier>{8dffce0b-bef6-47f0-8de2-29fbf435656e}</UniqueIdentifier>
    </Filter>
    <Filter Include="Engine\Manager\Time">
      <UniqueIdentifier>{f5640cb3-c236-40ec-89be-d976ccd9a35f}</UniqueIdentifier>
    </Filter>
    <Filter Include="Engine\Manager\Core">
      <UniqueIdentifier>{e0eec2eb-0eab-46d8-afc6-35f233e4b124}</UniqueIdentifier>
    </Filter>
    <Filter Include="Engine\Manager\Input">
      <UniqueIdentifier>{22f882e6-dce5-4243-9bc2-47bad464d665}</UniqueIdentifier>
    </Filter>
    <Filter Include="Engine\Utility">
      <UniqueIdentifier>{74dc1f56-6ee3-48cb-9110-0223254be563}</UniqueIdentifier>
    </Filter>
    <Filter Include="Client">
      <UniqueIdentifier>{93995380-89BD-4b04-88EB-625FBE52EBFB}</UniqueIdentifier>
      <Extensions>h;hh;hpp;hxx;h++;hm;inl;inc;ipp;xsd</Extensions>
    </Filter>
    <Filter Include="Engine\Manager\Graphics">
      <UniqueIdentifier>{c8f897d5-0a3e-48b8-b0b4-109c52a9c319}</UniqueIdentifier>
    </Filter>
    <Filter Include="Client\MainEntry">
      <UniqueIdentifier>{67DA6AB6-F800-4c08-8B7A-83BB121AAD01}</UniqueIdentifier>
      <Extensions>rc;ico;cur;bmp;dlg;rc2;rct;bin;rgs;gif;jpg;jpeg;jpe;resx;tiff;tif;png;wav;mfcribbon-ms</Extensions>
    </Filter>
    <Filter Include="Client\System">
      <UniqueIdentifier>{d967e8ac-bb42-445b-abb1-a8523f85ab03}</UniqueIdentifier>
    </Filter>
    <Filter Include="Engine\Manager\Texture">
      <UniqueIdentifier>{76deaee4-061e-4ff0-8090-d4fe5f1835d0}</UniqueIdentifier>
    </Filter>
    <Filter Include="Engine\BaseClass">
      <UniqueIdentifier>{9c38e157-0d3c-4378-8fc2-60e24ecaa9aa}</UniqueIdentifier>
    </Filter>
    <Filter Include="Engine\BaseClass\Core">
      <UniqueIdentifier>{913467f4-3880-4c5d-aee1-8fabd1acd9b2}</UniqueIdentifier>
    </Filter>
    <Filter Include="Engine\BaseClass\Object">
      <UniqueIdentifier>{20f66521-94f1-427f-89c3-64977d10b327}</UniqueIdentifier>
    </Filter>
    <Filter Include="Engine\BaseClass\Texture">
      <UniqueIdentifier>{2fa19ccf-9250-4415-82c1-8bba94154a7f}</UniqueIdentifier>
    </Filter>
    <Filter Include="Engine\BaseClass\World">
      <UniqueIdentifier>{4f0f1d10-e542-4c0b-9ced-11199bb66e57}</UniqueIdentifier>
    </Filter>
    <Filter Include="Engine\Manager\World">
      <UniqueIdentifier>{dd844ada-7a22-4db4-9b7c-dd8887947dbc}</UniqueIdentifier>
    </Filter>
    <Filter Include="Client\Header">
      <UniqueIdentifier>{ad728146-4e41-4590-872b-9a9c0b555c52}</UniqueIdentifier>
    </Filter>
    <Filter Include="Engine\Component\SceneComponent">
      <UniqueIdentifier>{1c874fa5-5ccb-43f3-a7ab-5d0939e2b7d7}</UniqueIdentifier>
    </Filter>
    <Filter Include="Engine\BaseClass\Layer">
      <UniqueIdentifier>{490dd329-328e-4e45-a96d-1fc593b49164}</UniqueIdentifier>
    </Filter>
    <Filter Include="Engine\Utility\Mathf">
      <UniqueIdentifier>{9eb24cea-469d-4039-bd7d-545c459c1677}</UniqueIdentifier>
    </Filter>
    <Filter Include="Engine\Utility\Singleton">
      <UniqueIdentifier>{4541ae21-7168-48ab-aea9-e234ffc68ae1}</UniqueIdentifier>
    </Filter>
    <Filter Include="Engine\Utility\Mathf\Matrix">
      <UniqueIdentifier>{44614574-49ee-47e6-8c35-b95df0796f93}</UniqueIdentifier>
    </Filter>
    <Filter Include="Engine\Utility\Mathf\Vector2">
      <UniqueIdentifier>{7be90afb-ac78-4b63-a22a-5315b40d3039}</UniqueIdentifier>
    </Filter>
    <Filter Include="Engine\Component\SceneComponent\RenderComponent">
      <UniqueIdentifier>{d726ca43-2937-46e9-bf52-9cf1a0744052}</UniqueIdentifier>
    </Filter>
    <Filter Include="Engine\Component\SceneComponent\BitmapComponent">
      <UniqueIdentifier>{b9d675a3-075d-454d-9b17-5817a018bd27}</UniqueIdentifier>
    </Filter>
    <Filter Include="Engine\Component\ActorComponent">
      <UniqueIdentifier>{c1a923d5-848a-49e0-8d75-3ef3a040f5ab}</UniqueIdentifier>
    </Filter>
    <Filter Include="Engine\Component\ActorComponent\InputComponent">
      <UniqueIdentifier>{1e685de1-557a-4137-a2af-2b6ab1d36e72}</UniqueIdentifier>
    </Filter>
    <Filter Include="Engine\BaseClass\Actor">
      <UniqueIdentifier>{406242c6-bc3a-4343-891a-e73115081933}</UniqueIdentifier>
    </Filter>
    <Filter Include="Engine\Component\SceneComponent\CameraComponent">
      <UniqueIdentifier>{41f9a5c8-1285-4a14-9e69-6abc493d5ef1}</UniqueIdentifier>
    </Filter>
    <Filter Include="Engine\BaseClass\Interface">
      <UniqueIdentifier>{c39d5b61-b594-4bb0-a63c-20dcaca11c30}</UniqueIdentifier>
    </Filter>
    <Filter Include="Engine\Utility\header">
      <UniqueIdentifier>{de6ca2d2-2c01-4ab5-82f5-40b132342386}</UniqueIdentifier>
    </Filter>
    <Filter Include="Engine\BaseClass\Actor\CameraActor">
      <UniqueIdentifier>{0a22a1bf-5f81-41ea-a2a9-f93b2dd415c3}</UniqueIdentifier>
    </Filter>
    <Filter Include="Engine\Manager\Font">
      <UniqueIdentifier>{89b472a4-cce8-4d39-9b02-3f3b89381eff}</UniqueIdentifier>
    </Filter>
    <Filter Include="Engine\BaseClass\Actor\TextRenderActor">
      <UniqueIdentifier>{8a79fbde-c755-46eb-9561-259db5b40b19}</UniqueIdentifier>
    </Filter>
    <Filter Include="Engine\Utility\Random">
      <UniqueIdentifier>{3085c436-8b7b-4bc6-bea6-3b51edbdb6d4}</UniqueIdentifier>
    </Filter>
    <Filter Include="Engine\TodoList">
      <UniqueIdentifier>{493735a2-89c0-4065-a378-2c0827f125c4}</UniqueIdentifier>
    </Filter>
    <Filter Include="Engine\Component\ActorComponent\StateComponent">
      <UniqueIdentifier>{9db16d7f-20ad-4e2f-919f-7fc4d16c45d7}</UniqueIdentifier>
    </Filter>
    <Filter Include="Engine\Component\SceneComponent\AnimationComponent">
      <UniqueIdentifier>{34798aee-1aa0-4995-8a55-9ab6fb79dc76}</UniqueIdentifier>
    </Filter>
    <Filter Include="Engine\Component\SceneComponent\CollisionComponent">
      <UniqueIdentifier>{85fa73e3-109e-41c2-8aaf-3e022b04cdee}</UniqueIdentifier>
    </Filter>
    <Filter Include="Engine\Component\SceneComponent\CollisionComponent\BoxComponent">
      <UniqueIdentifier>{f605ff79-46b3-498f-93c7-a1f619e58382}</UniqueIdentifier>
    </Filter>
    <Filter Include="Engine\BaseClass\ACollision">
      <UniqueIdentifier>{d065eec0-2096-4ca5-8284-ef7c45965467}</UniqueIdentifier>
    </Filter>
    <Filter Include="Engine\BaseClass\Transform">
      <UniqueIdentifier>{05de7cac-9c3f-4370-a641-2a875e15489c}</UniqueIdentifier>
    </Filter>
    <Filter Include="Engine\BaseClass\State">
      <UniqueIdentifier>{dd749eb7-1695-4ebd-82c1-43a8827f7181}</UniqueIdentifier>
    </Filter>
    <Filter Include="Engine\BaseClass\State\StateContainer">
      <UniqueIdentifier>{ef669ea8-feb1-4046-8909-7482601815c5}</UniqueIdentifier>
    </Filter>
    <Filter Include="Engine\BaseClass\State\StateTransition">
      <UniqueIdentifier>{7a937592-70a0-4cac-ad21-9cf6769d898b}</UniqueIdentifier>
    </Filter>
    <Filter Include="Engine\BaseClass\State\State">
      <UniqueIdentifier>{8b06e8d9-1ba8-407b-8e0a-c29185e310d3}</UniqueIdentifier>
    </Filter>
    <Filter Include="Engine\Component\tempComponent%28MOVE%29">
      <UniqueIdentifier>{712fb5ae-096c-4127-b501-c1ccc9b69fc9}</UniqueIdentifier>
    </Filter>
  </ItemGroup>
  <ItemGroup>
    <ClInclude Include="MainEntry.h">
      <Filter>Client\MainEntry</Filter>
    </ClInclude>
    <ClInclude Include="Client_Macro.h">
      <Filter>Client\Header</Filter>
    </ClInclude>
    <ClInclude Include="System.h">
      <Filter>Client\System</Filter>
    </ClInclude>
    <ClInclude Include="..\Engine\Headers\Actor.h">
      <Filter>Engine\BaseClass\Actor</Filter>
    </ClInclude>
    <ClInclude Include="..\Engine\Headers\Core.h">
      <Filter>Engine\BaseClass\Core</Filter>
    </ClInclude>
    <ClInclude Include="..\Engine\Headers\Object.h">
      <Filter>Engine\BaseClass\Object</Filter>
    </ClInclude>
    <ClInclude Include="..\Engine\Headers\Texture.h">
      <Filter>Engine\BaseClass\Texture</Filter>
    </ClInclude>
    <ClInclude Include="..\Engine\Headers\World.h">
      <Filter>Engine\BaseClass\World</Filter>
    </ClInclude>
    <ClInclude Include="..\Engine\Headers\InputComponent.h">
      <Filter>Engine\Component\ActorComponent\InputComponent</Filter>
    </ClInclude>
    <ClInclude Include="..\Engine\Headers\RenderComponent.h">
      <Filter>Engine\Component\SceneComponent\RenderComponent</Filter>
    </ClInclude>
    <ClInclude Include="..\Engine\Headers\Core_Define.h">
      <Filter>Engine\Utility\header</Filter>
    </ClInclude>
    <ClInclude Include="..\Engine\Headers\Core_Enum.h">
      <Filter>Engine\Utility\header</Filter>
    </ClInclude>
    <ClInclude Include="..\Engine\Headers\Core_Function.h">
      <Filter>Engine\Utility\header</Filter>
    </ClInclude>
    <ClInclude Include="..\Engine\Headers\Core_Macro.h">
      <Filter>Engine\Utility\header</Filter>
    </ClInclude>
    <ClInclude Include="..\Engine\Headers\Core_Struct.h">
      <Filter>Engine\Utility\header</Filter>
    </ClInclude>
    <ClInclude Include="..\Engine\Headers\Core_Type.h">
      <Filter>Engine\Utility\header</Filter>
    </ClInclude>
    <ClInclude Include="..\Engine\Headers\IInputReceiver.h">
      <Filter>Engine\BaseClass\Interface</Filter>
    </ClInclude>
    <ClInclude Include="..\Engine\Headers\Layer.h">
      <Filter>Engine\BaseClass\Layer</Filter>
    </ClInclude>
    <ClInclude Include="..\Engine\Headers\CoreManager.h">
      <Filter>Engine\Manager\Core</Filter>
    </ClInclude>
    <ClInclude Include="..\Engine\Headers\GraphicsManager.h">
      <Filter>Engine\Manager\Graphics</Filter>
    </ClInclude>
    <ClInclude Include="..\Engine\Headers\InputManager.h">
      <Filter>Engine\Manager\Input</Filter>
    </ClInclude>
    <ClInclude Include="..\Engine\Headers\TextureManager.h">
      <Filter>Engine\Manager\Texture</Filter>
    </ClInclude>
    <ClInclude Include="..\Engine\Headers\TimeManager.h">
      <Filter>Engine\Manager\Time</Filter>
    </ClInclude>
    <ClInclude Include="..\Engine\Headers\BitmapComponent.h">
      <Filter>Engine\Component\SceneComponent\BitmapComponent</Filter>
    </ClInclude>
    <ClInclude Include="..\Engine\Headers\Mathf.h">
      <Filter>Engine\Utility\Mathf</Filter>
    </ClInclude>
    <ClInclude Include="..\Engine\Headers\SceneComponent.h">
      <Filter>Engine\Component\SceneComponent</Filter>
    </ClInclude>
    <ClInclude Include="..\Engine\Headers\Matrix.h">
      <Filter>Engine\Utility\Mathf\Matrix</Filter>
    </ClInclude>
    <ClInclude Include="..\Engine\Headers\Vector2.h">
      <Filter>Engine\Utility\Mathf\Vector2</Filter>
    </ClInclude>
    <ClInclude Include="..\Engine\Headers\Singleton.h">
      <Filter>Engine\Utility\Singleton</Filter>
    </ClInclude>
    <ClInclude Include="..\Engine\Headers\Component.h">
      <Filter>Engine\Component\ActorComponent</Filter>
    </ClInclude>
    <ClInclude Include="..\Engine\Headers\Transform.h">
      <Filter>Engine\BaseClass\Transform</Filter>
    </ClInclude>
    <ClInclude Include="..\Engine\Headers\CameraComponent.h">
      <Filter>Engine\Component\SceneComponent\CameraComponent</Filter>
    </ClInclude>
    <ClInclude Include="..\Engine\Headers\CameraActor.h">
      <Filter>Engine\BaseClass\Actor\CameraActor</Filter>
    </ClInclude>
    <ClInclude Include="..\Engine\Headers\FontManager.h">
      <Filter>Engine\Manager\Font</Filter>
    </ClInclude>
    <ClInclude Include="ToDoList.h">
      <Filter>Engine\TodoList</Filter>
    </ClInclude>
    <ClInclude Include="..\Engine\Headers\WorldManager.h">
      <Filter>Engine\Manager\World</Filter>
    </ClInclude>
    <ClInclude Include="..\Engine\Headers\AnimationComponent.h">
      <Filter>Engine\Component\SceneComponent\AnimationComponent</Filter>
    </ClInclude>
    <ClInclude Include="..\Engine\Headers\CollisionComponent.h">
      <Filter>Engine\Component\SceneComponent\CollisionComponent</Filter>
    </ClInclude>
    <ClInclude Include="..\Engine\Headers\BoxComponent.h">
      <Filter>Engine\Component\SceneComponent\CollisionComponent\BoxComponent</Filter>
    </ClInclude>
    <ClInclude Include="..\Engine\Headers\ACollision.h">
      <Filter>Engine\BaseClass\ACollision</Filter>
    </ClInclude>
    <ClInclude Include="..\Engine\Headers\StateComponent.h">
      <Filter>Engine\Component\ActorComponent\StateComponent</Filter>
    </ClInclude>
    <ClInclude Include="..\Engine\Headers\State.h">
      <Filter>Engine\BaseClass\State\State</Filter>
    </ClInclude>
    <ClInclude Include="..\Engine\Headers\StateTransition.h">
      <Filter>Engine\BaseClass\State\StateTransition</Filter>
    </ClInclude>
    <ClInclude Include="..\Engine\Headers\StateContainer.h">
      <Filter>Engine\BaseClass\State\StateContainer</Filter>
    </ClInclude>
    <ClInclude Include="MovementComponent.h">
      <Filter>Engine\Component\tempComponent%28MOVE%29</Filter>
    </ClInclude>
  </ItemGroup>
  <ItemGroup>
    <ClCompile Include="MainEntry.cpp">
      <Filter>Client\MainEntry</Filter>
    </ClCompile>
    <ClCompile Include="System.cpp">
      <Filter>Client\System</Filter>
    </ClCompile>
    <ClCompile Include="..\Engine\Codes\Object.cpp">
      <Filter>Engine\BaseClass\Object</Filter>
    </ClCompile>
    <ClCompile Include="..\Engine\Codes\Texture.cpp">
      <Filter>Engine\BaseClass\Texture</Filter>
    </ClCompile>
    <ClCompile Include="..\Engine\Codes\World.cpp">
      <Filter>Engine\BaseClass\World</Filter>
    </ClCompile>
    <ClCompile Include="..\Engine\Codes\InputComponent.cpp">
      <Filter>Engine\Component\ActorComponent\InputComponent</Filter>
    </ClCompile>
    <ClCompile Include="..\Engine\Codes\Layer.cpp">
      <Filter>Engine\BaseClass\Layer</Filter>
    </ClCompile>
    <ClCompile Include="..\Engine\Codes\CoreManager.cpp">
      <Filter>Engine\Manager\Core</Filter>
    </ClCompile>
    <ClCompile Include="..\Engine\Codes\GraphicsManager.cpp">
      <Filter>Engine\Manager\Graphics</Filter>
    </ClCompile>
    <ClCompile Include="..\Engine\Codes\InputManager.cpp">
      <Filter>Engine\Manager\Input</Filter>
    </ClCompile>
    <ClCompile Include="..\Engine\Codes\TextureManager.cpp">
      <Filter>Engine\Manager\Texture</Filter>
    </ClCompile>
    <ClCompile Include="..\Engine\Codes\TimeManager.cpp">
      <Filter>Engine\Manager\Time</Filter>
    </ClCompile>
    <ClCompile Include="..\Engine\Codes\Actor.cpp">
      <Filter>Engine\BaseClass\Actor</Filter>
    </ClCompile>
    <ClCompile Include="..\Engine\Codes\BitmapComponent.cpp">
      <Filter>Engine\Component\SceneComponent\BitmapComponent</Filter>
    </ClCompile>
    <ClCompile Include="..\Engine\Codes\SceneComponent.cpp">
      <Filter>Engine\Component\SceneComponent</Filter>
    </ClCompile>
    <ClCompile Include="..\Engine\Codes\Transform.cpp">
      <Filter>Engine\BaseClass\Transform</Filter>
    </ClCompile>
    <ClCompile Include="..\Engine\Codes\CameraComponent.cpp">
      <Filter>Engine\Component\SceneComponent\CameraComponent</Filter>
    </ClCompile>
    <ClCompile Include="..\Engine\Codes\RenderComponent.cpp">
      <Filter>Engine\Component\SceneComponent\RenderComponent</Filter>
    </ClCompile>
    <ClCompile Include="..\Engine\Codes\FontManager.cpp">
      <Filter>Engine\Manager\Font</Filter>
    </ClCompile>
    <ClCompile Include="..\Engine\Headers\CameraActor.cpp">
      <Filter>Engine\BaseClass\Actor\CameraActor</Filter>
    </ClCompile>
    <ClCompile Include="..\Engine\Headers\AnimationComponent.cpp">
      <Filter>Engine\Component\SceneComponent\AnimationComponent</Filter>
    </ClCompile>
    <ClCompile Include="..\Engine\Codes\ACollision.cpp">
      <Filter>Engine\BaseClass\ACollision</Filter>
    </ClCompile>
    <ClCompile Include="..\Engine\Codes\State.cpp">
      <Filter>Engine\BaseClass\State\State</Filter>
    </ClCompile>
    <ClCompile Include="..\Engine\Codes\StateComponent.cpp">
      <Filter>Engine\Component\ActorComponent\StateComponent</Filter>
    </ClCompile>
    <ClCompile Include="..\Engine\Codes\StateContainer.cpp">
      <Filter>Engine\BaseClass\State\StateContainer</Filter>
    </ClCompile>
    <ClCompile Include="MovementComponent.cpp">
      <Filter>Engine\Component\tempComponent%28MOVE%29</Filter>
    </ClCompile>
  </ItemGroup>
</Project>