<?xml version="1.0" encoding="utf-8"?>
<Project ToolsVersion="4.0" xmlns="http://schemas.microsoft.com/developer/msbuild/2003">
  <ItemGroup>
    <Filter Include="Engine">
      <UniqueIdentifier>{4FC737F1-C7A5-4376-A066-2A32D752A2FF}</UniqueIdentifier>
      <Extensions>cpp;c;cc;cxx;c++;cppm;ixx;def;odl;idl;hpj;bat;asm;asmx</Extensions>
    </Filter>
    <Filter Include="Engine\Interface">
      <UniqueIdentifier>{c39d5b61-b594-4bb0-a63c-20dcaca11c30}</UniqueIdentifier>
    </Filter>
    <Filter Include="Engine\header">
      <UniqueIdentifier>{de6ca2d2-2c01-4ab5-82f5-40b132342386}</UniqueIdentifier>
    </Filter>
    <Filter Include="Engine\Component">
      <UniqueIdentifier>{8815f8bc-8535-4615-b869-864176b1977b}</UniqueIdentifier>
    </Filter>
    <Filter Include="Engine\Manager">
      <UniqueIdentifier>{8dffce0b-bef6-47f0-8de2-29fbf435656e}</UniqueIdentifier>
    </Filter>
    <Filter Include="Engine\Manager\Time">
      <UniqueIdentifier>{f5640cb3-c236-40ec-89be-d976ccd9a35f}</UniqueIdentifier>
    </Filter>
    <Filter Include="Engine\Manager\Core">
      <UniqueIdentifier>{e0eec2eb-0eab-46d8-afc6-35f233e4b124}</UniqueIdentifier>
    </Filter>
    <Filter Include="Engine\Manager\Input">
      <UniqueIdentifier>{22f882e6-dce5-4243-9bc2-47bad464d665}</UniqueIdentifier>
    </Filter>
    <Filter Include="Engine\Utility">
      <UniqueIdentifier>{74dc1f56-6ee3-48cb-9110-0223254be563}</UniqueIdentifier>
    </Filter>
    <Filter Include="Engine\Actor">
      <UniqueIdentifier>{406242c6-bc3a-4343-891a-e73115081933}</UniqueIdentifier>
    </Filter>
    <Filter Include="Client">
      <UniqueIdentifier>{93995380-89BD-4b04-88EB-625FBE52EBFB}</UniqueIdentifier>
      <Extensions>h;hh;hpp;hxx;h++;hm;inl;inc;ipp;xsd</Extensions>
    </Filter>
    <Filter Include="Engine\Manager\Graphics">
      <UniqueIdentifier>{c8f897d5-0a3e-48b8-b0b4-109c52a9c319}</UniqueIdentifier>
    </Filter>
    <Filter Include="Client\MainEntry">
      <UniqueIdentifier>{67DA6AB6-F800-4c08-8B7A-83BB121AAD01}</UniqueIdentifier>
      <Extensions>rc;ico;cur;bmp;dlg;rc2;rct;bin;rgs;gif;jpg;jpeg;jpe;resx;tiff;tif;png;wav;mfcribbon-ms</Extensions>
    </Filter>
    <Filter Include="Client\System">
      <UniqueIdentifier>{d967e8ac-bb42-445b-abb1-a8523f85ab03}</UniqueIdentifier>
    </Filter>
    <Filter Include="Engine\Manager\Texture">
      <UniqueIdentifier>{76deaee4-061e-4ff0-8090-d4fe5f1835d0}</UniqueIdentifier>
    </Filter>
    <Filter Include="Engine\Layer">
      <UniqueIdentifier>{490dd329-328e-4e45-a96d-1fc593b49164}</UniqueIdentifier>
    </Filter>
    <Filter Include="Engine\Event">
      <UniqueIdentifier>{21578d08-8f7c-4d3d-93c1-d6253f5e9a17}</UniqueIdentifier>
    </Filter>
    <Filter Include="Engine\BaseClass">
      <UniqueIdentifier>{9c38e157-0d3c-4378-8fc2-60e24ecaa9aa}</UniqueIdentifier>
    </Filter>
    <Filter Include="Engine\BaseClass\Core">
      <UniqueIdentifier>{913467f4-3880-4c5d-aee1-8fabd1acd9b2}</UniqueIdentifier>
    </Filter>
    <Filter Include="Engine\BaseClass\Object">
      <UniqueIdentifier>{20f66521-94f1-427f-89c3-64977d10b327}</UniqueIdentifier>
    </Filter>
    <Filter Include="Engine\BaseClass\Texture">
      <UniqueIdentifier>{2fa19ccf-9250-4415-82c1-8bba94154a7f}</UniqueIdentifier>
    </Filter>
    <Filter Include="Engine\BaseClass\World">
      <UniqueIdentifier>{4f0f1d10-e542-4c0b-9ced-11199bb66e57}</UniqueIdentifier>
    </Filter>
    <Filter Include="Engine\Manager\World">
      <UniqueIdentifier>{dd844ada-7a22-4db4-9b7c-dd8887947dbc}</UniqueIdentifier>
    </Filter>
    <Filter Include="Engine\Component\RenderComponent">
      <UniqueIdentifier>{d726ca43-2937-46e9-bf52-9cf1a0744052}</UniqueIdentifier>
    </Filter>
    <Filter Include="Client\Header">
      <UniqueIdentifier>{ad728146-4e41-4590-872b-9a9c0b555c52}</UniqueIdentifier>
    </Filter>
    <Filter Include="Engine\Component\SceneComponent">
      <UniqueIdentifier>{1c874fa5-5ccb-43f3-a7ab-5d0939e2b7d7}</UniqueIdentifier>
    </Filter>
    <Filter Include="Engine\Component\InputComponent">
      <UniqueIdentifier>{1e685de1-557a-4137-a2af-2b6ab1d36e72}</UniqueIdentifier>
    </Filter>
    <Filter Include="Client\TestCode">
      <UniqueIdentifier>{5bd30fa4-007c-43f1-83ec-199451c4aacd}</UniqueIdentifier>
    </Filter>
  </ItemGroup>
  <ItemGroup>
    <ClInclude Include="Core_Define.h">
      <Filter>Engine\header</Filter>
    </ClInclude>
    <ClInclude Include="Actor.h">
      <Filter>Engine\Actor</Filter>
    </ClInclude>
    <ClInclude Include="Core_Enum.h">
      <Filter>Engine\header</Filter>
    </ClInclude>
    <ClInclude Include="Component.h">
      <Filter>Engine\Component</Filter>
    </ClInclude>
    <ClInclude Include="TimeManager.h">
      <Filter>Engine\Manager\Time</Filter>
    </ClInclude>
    <ClInclude Include="CoreManager.h">
      <Filter>Engine\Manager\Core</Filter>
    </ClInclude>
    <ClInclude Include="InputManager.h">
      <Filter>Engine\Manager\Input</Filter>
    </ClInclude>
    <ClInclude Include="Singleton.h">
      <Filter>Engine\Utility</Filter>
    </ClInclude>
    <ClInclude Include="Object.h">
      <Filter>Engine\BaseClass\Object</Filter>
    </ClInclude>
    <ClInclude Include="Core_Struct.h">
      <Filter>Engine\header</Filter>
    </ClInclude>
    <ClInclude Include="IInputReceiver.h">
      <Filter>Engine\Interface</Filter>
    </ClInclude>
    <ClInclude Include="Core_Type.h">
      <Filter>Engine\header</Filter>
    </ClInclude>
    <ClInclude Include="Core_Macro.h">
      <Filter>Engine\header</Filter>
    </ClInclude>
    <ClInclude Include="GraphicsManager.h">
      <Filter>Engine\Manager\Graphics</Filter>
    </ClInclude>
    <ClInclude Include="Texture.h">
      <Filter>Engine\BaseClass\Texture</Filter>
    </ClInclude>
    <ClInclude Include="TextureManager.h">
      <Filter>Engine\Manager\Texture</Filter>
    </ClInclude>
    <ClInclude Include="World.h">
      <Filter>Engine\BaseClass\World</Filter>
    </ClInclude>
    <ClInclude Include="Layer.h">
      <Filter>Engine\Layer</Filter>
    </ClInclude>
    <ClInclude Include="Event.h">
      <Filter>Engine\Event</Filter>
    </ClInclude>
    <ClInclude Include="Core_Function.h">
      <Filter>Engine\header</Filter>
    </ClInclude>
    <ClInclude Include="Core.h">
      <Filter>Engine\BaseClass\Core</Filter>
    </ClInclude>
    <ClInclude Include="MainEntry.h">
      <Filter>Client\MainEntry</Filter>
    </ClInclude>
    <ClInclude Include="Client_Macro.h">
      <Filter>Client\Header</Filter>
    </ClInclude>
    <ClInclude Include="System.h">
      <Filter>Client\System</Filter>
    </ClInclude>
    <ClInclude Include="RenderComponent.h">
      <Filter>Engine\Component\RenderComponent</Filter>
    </ClInclude>
    <ClInclude Include="SceneComponent.h">
      <Filter>Engine\Component\SceneComponent</Filter>
    </ClInclude>
    <ClInclude Include="Mathf.h">
      <Filter>Engine\Utility</Filter>
    </ClInclude>
    <ClInclude Include="InputComponent.h">
      <Filter>Engine\Component\InputComponent</Filter>
    </ClInclude>
    <ClInclude Include="TestActor.h">
      <Filter>Client\TestCode</Filter>
    </ClInclude>
  </ItemGroup>
  <ItemGroup>
    <ClCompile Include="TimeManager.cpp">
      <Filter>Engine\Manager\Time</Filter>
    </ClCompile>
    <ClCompile Include="InputManager.cpp">
      <Filter>Engine\Manager\Input</Filter>
    </ClCompile>
    <ClCompile Include="GraphicsManager.cpp">
      <Filter>Engine\Manager\Graphics</Filter>
    </ClCompile>
    <ClCompile Include="Texture.cpp">
      <Filter>Engine\BaseClass\Texture</Filter>
    </ClCompile>
    <ClCompile Include="World.cpp">
      <Filter>Engine\BaseClass\World</Filter>
    </ClCompile>
    <ClCompile Include="Layer.cpp">
      <Filter>Engine\Layer</Filter>
    </ClCompile>
    <ClCompile Include="TextureManager.cpp">
      <Filter>Engine\Manager\Texture</Filter>
    </ClCompile>
    <ClCompile Include="CoreManager.cpp">
      <Filter>Engine\Manager\Core</Filter>
    </ClCompile>
    <ClCompile Include="Object.cpp">
      <Filter>Engine\BaseClass\Object</Filter>
    </ClCompile>
    <ClCompile Include="MainEntry.cpp">
      <Filter>Client\MainEntry</Filter>
    </ClCompile>
    <ClCompile Include="System.cpp">
      <Filter>Client\System</Filter>
    </ClCompile>
    <ClCompile Include="Actor.cpp">
      <Filter>Engine\Actor</Filter>
    </ClCompile>
    <ClCompile Include="InputComponent.cpp">
      <Filter>Engine\Component\InputComponent</Filter>
    </ClCompile>
    <ClCompile Include="SceneComponent.cpp">
      <Filter>Engine\Component\SceneComponent</Filter>
    </ClCompile>
    <ClCompile Include="TestActor.cpp">
      <Filter>Client\TestCode</Filter>
    </ClCompile>
  </ItemGroup>
</Project>